// !$*UTF8*$!
{
	archiveVersion = 1;
	classes = {
	};
	objectVersion = 46;
	objects = {

/* Begin PBXBuildFile section */
		66F521BD1C62CFC400408DE2 /* main.m in Sources */ = {isa = PBXBuildFile; fileRef = 66F521BC1C62CFC400408DE2 /* main.m */; };
		66F521C01C62CFC400408DE2 /* AppDelegate.m in Sources */ = {isa = PBXBuildFile; fileRef = 66F521BF1C62CFC400408DE2 /* AppDelegate.m */; };
		66F521C31C62CFC400408DE2 /* ViewController.m in Sources */ = {isa = PBXBuildFile; fileRef = 66F521C21C62CFC400408DE2 /* ViewController.m */; };
		66F521C61C62CFC400408DE2 /* Main.storyboard in Resources */ = {isa = PBXBuildFile; fileRef = 66F521C41C62CFC400408DE2 /* Main.storyboard */; };
		66F521C81C62CFC400408DE2 /* Assets.xcassets in Resources */ = {isa = PBXBuildFile; fileRef = 66F521C71C62CFC400408DE2 /* Assets.xcassets */; };
		66F521CB1C62CFC400408DE2 /* LaunchScreen.storyboard in Resources */ = {isa = PBXBuildFile; fileRef = 66F521C91C62CFC400408DE2 /* LaunchScreen.storyboard */; };
		66F521D61C62CFC400408DE2 /* PathOfLeastResistanceTests.m in Sources */ = {isa = PBXBuildFile; fileRef = 66F521D51C62CFC400408DE2 /* PathOfLeastResistanceTests.m */; };
		66F521E11C62CFC400408DE2 /* PathOfLeastResistanceUITests.m in Sources */ = {isa = PBXBuildFile; fileRef = 66F521E01C62CFC400408DE2 /* PathOfLeastResistanceUITests.m */; };
/* End PBXBuildFile section */

/* Begin PBXContainerItemProxy section */
		66F521D21C62CFC400408DE2 /* PBXContainerItemProxy */ = {
			isa = PBXContainerItemProxy;
			containerPortal = 66F521B01C62CFC300408DE2 /* Project object */;
			proxyType = 1;
			remoteGlobalIDString = 66F521B71C62CFC300408DE2;
			remoteInfo = PathOfLeastResistance;
		};
		66F521DD1C62CFC400408DE2 /* PBXContainerItemProxy */ = {
			isa = PBXContainerItemProxy;
			containerPortal = 66F521B01C62CFC300408DE2 /* Project object */;
			proxyType = 1;
			remoteGlobalIDString = 66F521B71C62CFC300408DE2;
			remoteInfo = PathOfLeastResistance;
		};
/* End PBXContainerItemProxy section */

/* Begin PBXFileReference section */
		66F521B81C62CFC300408DE2 /* PathOfLeastResistance.app */ = {isa = PBXFileReference; explicitFileType = wrapper.application; includeInIndex = 0; path = PathOfLeastResistance.app; sourceTree = BUILT_PRODUCTS_DIR; };
		66F521BC1C62CFC400408DE2 /* main.m */ = {isa = PBXFileReference; lastKnownFileType = sourcecode.c.objc; path = main.m; sourceTree = "<group>"; };
		66F521BE1C62CFC400408DE2 /* AppDelegate.h */ = {isa = PBXFileReference; lastKnownFileType = sourcecode.c.h; path = AppDelegate.h; sourceTree = "<group>"; };
		66F521BF1C62CFC400408DE2 /* AppDelegate.m */ = {isa = PBXFileReference; lastKnownFileType = sourcecode.c.objc; path = AppDelegate.m; sourceTree = "<group>"; };
		66F521C11C62CFC400408DE2 /* ViewController.h */ = {isa = PBXFileReference; lastKnownFileType = sourcecode.c.h; path = ViewController.h; sourceTree = "<group>"; };
		66F521C21C62CFC400408DE2 /* ViewController.m */ = {isa = PBXFileReference; lastKnownFileType = sourcecode.c.objc; path = ViewController.m; sourceTree = "<group>"; };
		66F521C51C62CFC400408DE2 /* Base */ = {isa = PBXFileReference; lastKnownFileType = file.storyboard; name = Base; path = Base.lproj/Main.storyboard; sourceTree = "<group>"; };
		66F521C71C62CFC400408DE2 /* Assets.xcassets */ = {isa = PBXFileReference; lastKnownFileType = folder.assetcatalog; path = Assets.xcassets; sourceTree = "<group>"; };
		66F521CA1C62CFC400408DE2 /* Base */ = {isa = PBXFileReference; lastKnownFileType = file.storyboard; name = Base; path = Base.lproj/LaunchScreen.storyboard; sourceTree = "<group>"; };
		66F521CC1C62CFC400408DE2 /* Info.plist */ = {isa = PBXFileReference; lastKnownFileType = text.plist.xml; path = Info.plist; sourceTree = "<group>"; };
		66F521D11C62CFC400408DE2 /* PathOfLeastResistanceTests.xctest */ = {isa = PBXFileReference; explicitFileType = wrapper.cfbundle; includeInIndex = 0; path = PathOfLeastResistanceTests.xctest; sourceTree = BUILT_PRODUCTS_DIR; };
		66F521D51C62CFC400408DE2 /* PathOfLeastResistanceTests.m */ = {isa = PBXFileReference; lastKnownFileType = sourcecode.c.objc; path = PathOfLeastResistanceTests.m; sourceTree = "<group>"; };
		66F521D71C62CFC400408DE2 /* Info.plist */ = {isa = PBXFileReference; lastKnownFileType = text.plist.xml; path = Info.plist; sourceTree = "<group>"; };
		66F521DC1C62CFC400408DE2 /* PathOfLeastResistanceUITests.xctest */ = {isa = PBXFileReference; explicitFileType = wrapper.cfbundle; includeInIndex = 0; path = PathOfLeastResistanceUITests.xctest; sourceTree = BUILT_PRODUCTS_DIR; };
		66F521E01C62CFC400408DE2 /* PathOfLeastResistanceUITests.m */ = {isa = PBXFileReference; lastKnownFileType = sourcecode.c.objc; path = PathOfLeastResistanceUITests.m; sourceTree = "<group>"; };
		66F521E21C62CFC400408DE2 /* Info.plist */ = {isa = PBXFileReference; lastKnownFileType = text.plist.xml; path = Info.plist; sourceTree = "<group>"; };
/* End PBXFileReference section */

/* Begin PBXFrameworksBuildPhase section */
		66F521B51C62CFC300408DE2 /* Frameworks */ = {
			isa = PBXFrameworksBuildPhase;
			buildActionMask = 2147483647;
			files = (
			);
			runOnlyForDeploymentPostprocessing = 0;
		};
		66F521CE1C62CFC400408DE2 /* Frameworks */ = {
			isa = PBXFrameworksBuildPhase;
			buildActionMask = 2147483647;
			files = (
			);
			runOnlyForDeploymentPostprocessing = 0;
		};
		66F521D91C62CFC400408DE2 /* Frameworks */ = {
			isa = PBXFrameworksBuildPhase;
			buildActionMask = 2147483647;
			files = (
			);
			runOnlyForDeploymentPostprocessing = 0;
		};
/* End PBXFrameworksBuildPhase section */

/* Begin PBXGroup section */
		66F521AF1C62CFC300408DE2 = {
			isa = PBXGroup;
			children = (
				66F521BA1C62CFC400408DE2 /* PathOfLeastResistance */,
				66F521D41C62CFC400408DE2 /* PathOfLeastResistanceTests */,
				66F521DF1C62CFC400408DE2 /* PathOfLeastResistanceUITests */,
				66F521B91C62CFC300408DE2 /* Products */,
			);
			sourceTree = "<group>";
		};
		66F521B91C62CFC300408DE2 /* Products */ = {
			isa = PBXGroup;
			children = (
				66F521B81C62CFC300408DE2 /* PathOfLeastResistance.app */,
				66F521D11C62CFC400408DE2 /* PathOfLeastResistanceTests.xctest */,
				66F521DC1C62CFC400408DE2 /* PathOfLeastResistanceUITests.xctest */,
			);
			name = Products;
			sourceTree = "<group>";
		};
		66F521BA1C62CFC400408DE2 /* PathOfLeastResistance */ = {
			isa = PBXGroup;
			children = (
				66F521BE1C62CFC400408DE2 /* AppDelegate.h */,
				66F521BF1C62CFC400408DE2 /* AppDelegate.m */,
				66F521C11C62CFC400408DE2 /* ViewController.h */,
				66F521C21C62CFC400408DE2 /* ViewController.m */,
				66F521C41C62CFC400408DE2 /* Main.storyboard */,
				66F521C71C62CFC400408DE2 /* Assets.xcassets */,
				66F521C91C62CFC400408DE2 /* LaunchScreen.storyboard */,
				66F521CC1C62CFC400408DE2 /* Info.plist */,
				66F521BB1C62CFC400408DE2 /* Supporting Files */,
			);
			path = PathOfLeastResistance;
			sourceTree = "<group>";
		};
		66F521BB1C62CFC400408DE2 /* Supporting Files */ = {
			isa = PBXGroup;
			children = (
				66F521BC1C62CFC400408DE2 /* main.m */,
			);
			name = "Supporting Files";
			sourceTree = "<group>";
		};
		66F521D41C62CFC400408DE2 /* PathOfLeastResistanceTests */ = {
			isa = PBXGroup;
			children = (
				66F521D51C62CFC400408DE2 /* PathOfLeastResistanceTests.m */,
				66F521D71C62CFC400408DE2 /* Info.plist */,
			);
			path = PathOfLeastResistanceTests;
			sourceTree = "<group>";
		};
		66F521DF1C62CFC400408DE2 /* PathOfLeastResistanceUITests */ = {
			isa = PBXGroup;
			children = (
				66F521E01C62CFC400408DE2 /* PathOfLeastResistanceUITests.m */,
				66F521E21C62CFC400408DE2 /* Info.plist */,
			);
			path = PathOfLeastResistanceUITests;
			sourceTree = "<group>";
		};
/* End PBXGroup section */

/* Begin PBXNativeTarget section */
		66F521B71C62CFC300408DE2 /* PathOfLeastResistance */ = {
			isa = PBXNativeTarget;
			buildConfigurationList = 66F521E51C62CFC400408DE2 /* Build configuration list for PBXNativeTarget "PathOfLeastResistance" */;
			buildPhases = (
				66F521B41C62CFC300408DE2 /* Sources */,
				66F521B51C62CFC300408DE2 /* Frameworks */,
				66F521B61C62CFC300408DE2 /* Resources */,
			);
			buildRules = (
			);
			dependencies = (
			);
			name = PathOfLeastResistance;
			productName = PathOfLeastResistance;
			productReference = 66F521B81C62CFC300408DE2 /* PathOfLeastResistance.app */;
			productType = "com.apple.product-type.application";
		};
		66F521D01C62CFC400408DE2 /* PathOfLeastResistanceTests */ = {
			isa = PBXNativeTarget;
			buildConfigurationList = 66F521E81C62CFC400408DE2 /* Build configuration list for PBXNativeTarget "PathOfLeastResistanceTests" */;
			buildPhases = (
				66F521CD1C62CFC400408DE2 /* Sources */,
				66F521CE1C62CFC400408DE2 /* Frameworks */,
				66F521CF1C62CFC400408DE2 /* Resources */,
			);
			buildRules = (
			);
			dependencies = (
				66F521D31C62CFC400408DE2 /* PBXTargetDependency */,
			);
			name = PathOfLeastResistanceTests;
			productName = PathOfLeastResistanceTests;
			productReference = 66F521D11C62CFC400408DE2 /* PathOfLeastResistanceTests.xctest */;
			productType = "com.apple.product-type.bundle.unit-test";
		};
		66F521DB1C62CFC400408DE2 /* PathOfLeastResistanceUITests */ = {
			isa = PBXNativeTarget;
			buildConfigurationList = 66F521EB1C62CFC400408DE2 /* Build configuration list for PBXNativeTarget "PathOfLeastResistanceUITests" */;
			buildPhases = (
				66F521D81C62CFC400408DE2 /* Sources */,
				66F521D91C62CFC400408DE2 /* Frameworks */,
				66F521DA1C62CFC400408DE2 /* Resources */,
			);
			buildRules = (
			);
			dependencies = (
				66F521DE1C62CFC400408DE2 /* PBXTargetDependency */,
			);
			name = PathOfLeastResistanceUITests;
			productName = PathOfLeastResistanceUITests;
			productReference = 66F521DC1C62CFC400408DE2 /* PathOfLeastResistanceUITests.xctest */;
			productType = "com.apple.product-type.bundle.ui-testing";
		};
/* End PBXNativeTarget section */

/* Begin PBXProject section */
		66F521B01C62CFC300408DE2 /* Project object */ = {
			isa = PBXProject;
			attributes = {
				LastUpgradeCheck = 0720;
				ORGANIZATIONNAME = "Vijay Karthik";
				TargetAttributes = {
					66F521B71C62CFC300408DE2 = {
						CreatedOnToolsVersion = 7.2;
					};
					66F521D01C62CFC400408DE2 = {
						CreatedOnToolsVersion = 7.2;
						TestTargetID = 66F521B71C62CFC300408DE2;
					};
					66F521DB1C62CFC400408DE2 = {
						CreatedOnToolsVersion = 7.2;
						TestTargetID = 66F521B71C62CFC300408DE2;
					};
				};
			};
			buildConfigurationList = 66F521B31C62CFC300408DE2 /* Build configuration list for PBXProject "PathOfLeastResistance" */;
			compatibilityVersion = "Xcode 3.2";
			developmentRegion = English;
			hasScannedForEncodings = 0;
			knownRegions = (
				en,
				Base,
			);
			mainGroup = 66F521AF1C62CFC300408DE2;
			productRefGroup = 66F521B91C62CFC300408DE2 /* Products */;
			projectDirPath = "";
			projectRoot = "";
			targets = (
				66F521B71C62CFC300408DE2 /* PathOfLeastResistance */,
				66F521D01C62CFC400408DE2 /* PathOfLeastResistanceTests */,
				66F521DB1C62CFC400408DE2 /* PathOfLeastResistanceUITests */,
			);
		};
/* End PBXProject section */

/* Begin PBXResourcesBuildPhase section */
		66F521B61C62CFC300408DE2 /* Resources */ = {
			isa = PBXResourcesBuildPhase;
			buildActionMask = 2147483647;
			files = (
				66F521CB1C62CFC400408DE2 /* LaunchScreen.storyboard in Resources */,
				66F521C81C62CFC400408DE2 /* Assets.xcassets in Resources */,
				66F521C61C62CFC400408DE2 /* Main.storyboard in Resources */,
			);
			runOnlyForDeploymentPostprocessing = 0;
		};
		66F521CF1C62CFC400408DE2 /* Resources */ = {
			isa = PBXResourcesBuildPhase;
			buildActionMask = 2147483647;
			files = (
			);
			runOnlyForDeploymentPostprocessing = 0;
		};
		66F521DA1C62CFC400408DE2 /* Resources */ = {
			isa = PBXResourcesBuildPhase;
			buildActionMask = 2147483647;
			files = (
			);
			runOnlyForDeploymentPostprocessing = 0;
		};
/* End PBXResourcesBuildPhase section */

/* Begin PBXSourcesBuildPhase section */
		66F521B41C62CFC300408DE2 /* Sources */ = {
			isa = PBXSourcesBuildPhase;
			buildActionMask = 2147483647;
			files = (
				66F521C31C62CFC400408DE2 /* ViewController.m in Sources */,
				66F521C01C62CFC400408DE2 /* AppDelegate.m in Sources */,
				66F521BD1C62CFC400408DE2 /* main.m in Sources */,
			);
			runOnlyForDeploymentPostprocessing = 0;
		};
		66F521CD1C62CFC400408DE2 /* Sources */ = {
			isa = PBXSourcesBuildPhase;
			buildActionMask = 2147483647;
			files = (
				66F521D61C62CFC400408DE2 /* PathOfLeastResistanceTests.m in Sources */,
			);
			runOnlyForDeploymentPostprocessing = 0;
		};
		66F521D81C62CFC400408DE2 /* Sources */ = {
			isa = PBXSourcesBuildPhase;
			buildActionMask = 2147483647;
			files = (
				66F521E11C62CFC400408DE2 /* PathOfLeastResistanceUITests.m in Sources */,
			);
			runOnlyForDeploymentPostprocessing = 0;
		};
/* End PBXSourcesBuildPhase section */

/* Begin PBXTargetDependency section */
		66F521D31C62CFC400408DE2 /* PBXTargetDependency */ = {
			isa = PBXTargetDependency;
			target = 66F521B71C62CFC300408DE2 /* PathOfLeastResistance */;
			targetProxy = 66F521D21C62CFC400408DE2 /* PBXContainerItemProxy */;
		};
		66F521DE1C62CFC400408DE2 /* PBXTargetDependency */ = {
			isa = PBXTargetDependency;
			target = 66F521B71C62CFC300408DE2 /* PathOfLeastResistance */;
			targetProxy = 66F521DD1C62CFC400408DE2 /* PBXContainerItemProxy */;
		};
/* End PBXTargetDependency section */

/* Begin PBXVariantGroup section */
		66F521C41C62CFC400408DE2 /* Main.storyboard */ = {
			isa = PBXVariantGroup;
			children = (
				66F521C51C62CFC400408DE2 /* Base */,
			);
			name = Main.storyboard;
			sourceTree = "<group>";
		};
		66F521C91C62CFC400408DE2 /* LaunchScreen.storyboard */ = {
			isa = PBXVariantGroup;
			children = (
				66F521CA1C62CFC400408DE2 /* Base */,
			);
			name = LaunchScreen.storyboard;
			sourceTree = "<group>";
		};
/* End PBXVariantGroup section */

/* Begin XCBuildConfiguration section */
		66F521E31C62CFC400408DE2 /* Debug */ = {
			isa = XCBuildConfiguration;
			buildSettings = {
				ALWAYS_SEARCH_USER_PATHS = NO;
				CLANG_CXX_LANGUAGE_STANDARD = "gnu++0x";
				CLANG_CXX_LIBRARY = "libc++";
				CLANG_ENABLE_MODULES = YES;
				CLANG_ENABLE_OBJC_ARC = YES;
				CLANG_WARN_BOOL_CONVERSION = YES;
				CLANG_WARN_CONSTANT_CONVERSION = YES;
				CLANG_WARN_DIRECT_OBJC_ISA_USAGE = YES_ERROR;
				CLANG_WARN_EMPTY_BODY = YES;
				CLANG_WARN_ENUM_CONVERSION = YES;
				CLANG_WARN_INT_CONVERSION = YES;
				CLANG_WARN_OBJC_ROOT_CLASS = YES_ERROR;
				CLANG_WARN_UNREACHABLE_CODE = YES;
				CLANG_WARN__DUPLICATE_METHOD_MATCH = YES;
				"CODE_SIGN_IDENTITY[sdk=iphoneos*]" = "iPhone Developer";
				COPY_PHASE_STRIP = NO;
				DEBUG_INFORMATION_FORMAT = dwarf;
				ENABLE_STRICT_OBJC_MSGSEND = YES;
				ENABLE_TESTABILITY = YES;
				GCC_C_LANGUAGE_STANDARD = gnu99;
				GCC_DYNAMIC_NO_PIC = NO;
				GCC_NO_COMMON_BLOCKS = YES;
				GCC_OPTIMIZATION_LEVEL = 0;
				GCC_PREPROCESSOR_DEFINITIONS = (
					"DEBUG=1",
					"$(inherited)",
				);
				GCC_WARN_64_TO_32_BIT_CONVERSION = YES;
				GCC_WARN_ABOUT_RETURN_TYPE = YES_ERROR;
				GCC_WARN_UNDECLARED_SELECTOR = YES;
				GCC_WARN_UNINITIALIZED_AUTOS = YES_AGGRESSIVE;
				GCC_WARN_UNUSED_FUNCTION = YES;
				GCC_WARN_UNUSED_VARIABLE = YES;
				IPHONEOS_DEPLOYMENT_TARGET = 9.2;
				MTL_ENABLE_DEBUG_INFO = YES;
				ONLY_ACTIVE_ARCH = YES;
				SDKROOT = iphoneos;
				TARGETED_DEVICE_FAMILY = "1,2";
			};
			name = Debug;
		};
		66F521E41C62CFC400408DE2 /* Release */ = {
			isa = XCBuildConfiguration;
			buildSettings = {
				ALWAYS_SEARCH_USER_PATHS = NO;
				CLANG_CXX_LANGUAGE_STANDARD = "gnu++0x";
				CLANG_CXX_LIBRARY = "libc++";
				CLANG_ENABLE_MODULES = YES;
				CLANG_ENABLE_OBJC_ARC = YES;
				CLANG_WARN_BOOL_CONVERSION = YES;
				CLANG_WARN_CONSTANT_CONVERSION = YES;
				CLANG_WARN_DIRECT_OBJC_ISA_USAGE = YES_ERROR;
				CLANG_WARN_EMPTY_BODY = YES;
				CLANG_WARN_ENUM_CONVERSION = YES;
				CLANG_WARN_INT_CONVERSION = YES;
				CLANG_WARN_OBJC_ROOT_CLASS = YES_ERROR;
				CLANG_WARN_UNREACHABLE_CODE = YES;
				CLANG_WARN__DUPLICATE_METHOD_MATCH = YES;
				"CODE_SIGN_IDENTITY[sdk=iphoneos*]" = "iPhone Developer";
				COPY_PHASE_STRIP = NO;
				DEBUG_INFORMATION_FORMAT = "dwarf-with-dsym";
				ENABLE_NS_ASSERTIONS = NO;
				ENABLE_STRICT_OBJC_MSGSEND = YES;
				GCC_C_LANGUAGE_STANDARD = gnu99;
				GCC_NO_COMMON_BLOCKS = YES;
				GCC_WARN_64_TO_32_BIT_CONVERSION = YES;
				GCC_WARN_ABOUT_RETURN_TYPE = YES_ERROR;
				GCC_WARN_UNDECLARED_SELECTOR = YES;
				GCC_WARN_UNINITIALIZED_AUTOS = YES_AGGRESSIVE;
				GCC_WARN_UNUSED_FUNCTION = YES;
				GCC_WARN_UNUSED_VARIABLE = YES;
				IPHONEOS_DEPLOYMENT_TARGET = 9.2;
				MTL_ENABLE_DEBUG_INFO = NO;
				SDKROOT = iphoneos;
				TARGETED_DEVICE_FAMILY = "1,2";
				VALIDATE_PRODUCT = YES;
			};
			name = Release;
		};
		66F521E61C62CFC400408DE2 /* Debug */ = {
			isa = XCBuildConfiguration;
			buildSettings = {
				ASSETCATALOG_COMPILER_APPICON_NAME = AppIcon;
				INFOPLIST_FILE = PathOfLeastResistance/Info.plist;
				LD_RUNPATH_SEARCH_PATHS = "$(inherited) @executable_path/Frameworks";
				PRODUCT_BUNDLE_IDENTIFIER = com.RISHWANTH.PathOfLeastResistance;
				PRODUCT_NAME = "$(TARGET_NAME)";
			};
			name = Debug;
		};
		66F521E71C62CFC400408DE2 /* Release */ = {
			isa = XCBuildConfiguration;
			buildSettings = {
				ASSETCATALOG_COMPILER_APPICON_NAME = AppIcon;
				INFOPLIST_FILE = PathOfLeastResistance/Info.plist;
				LD_RUNPATH_SEARCH_PATHS = "$(inherited) @executable_path/Frameworks";
				PRODUCT_BUNDLE_IDENTIFIER = com.RISHWANTH.PathOfLeastResistance;
				PRODUCT_NAME = "$(TARGET_NAME)";
			};
			name = Release;
		};
		66F521E91C62CFC400408DE2 /* Debug */ = {
			isa = XCBuildConfiguration;
			buildSettings = {
				BUNDLE_LOADER = "$(TEST_HOST)";
				INFOPLIST_FILE = PathOfLeastResistanceTests/Info.plist;
				LD_RUNPATH_SEARCH_PATHS = "$(inherited) @executable_path/Frameworks @loader_path/Frameworks";
				PRODUCT_BUNDLE_IDENTIFIER = com.RISHWANTH.PathOfLeastResistanceTests;
				PRODUCT_NAME = "$(TARGET_NAME)";
				TEST_HOST = "$(BUILT_PRODUCTS_DIR)/PathOfLeastResistance.app/PathOfLeastResistance";
			};
			name = Debug;
		};
		66F521EA1C62CFC400408DE2 /* Release */ = {
			isa = XCBuildConfiguration;
			buildSettings = {
				BUNDLE_LOADER = "$(TEST_HOST)";
				INFOPLIST_FILE = PathOfLeastResistanceTests/Info.plist;
				LD_RUNPATH_SEARCH_PATHS = "$(inherited) @executable_path/Frameworks @loader_path/Frameworks";
				PRODUCT_BUNDLE_IDENTIFIER = com.RISHWANTH.PathOfLeastResistanceTests;
				PRODUCT_NAME = "$(TARGET_NAME)";
				TEST_HOST = "$(BUILT_PRODUCTS_DIR)/PathOfLeastResistance.app/PathOfLeastResistance";
			};
			name = Release;
		};
		66F521EC1C62CFC400408DE2 /* Debug */ = {
			isa = XCBuildConfiguration;
			buildSettings = {
				INFOPLIST_FILE = PathOfLeastResistanceUITests/Info.plist;
				LD_RUNPATH_SEARCH_PATHS = "$(inherited) @executable_path/Frameworks @loader_path/Frameworks";
				PRODUCT_BUNDLE_IDENTIFIER = com.RISHWANTH.PathOfLeastResistanceUITests;
				PRODUCT_NAME = "$(TARGET_NAME)";
				TEST_TARGET_NAME = PathOfLeastResistance;
				USES_XCTRUNNER = YES;
			};
			name = Debug;
		};
		66F521ED1C62CFC400408DE2 /* Release */ = {
			isa = XCBuildConfiguration;
			buildSettings = {
				INFOPLIST_FILE = PathOfLeastResistanceUITests/Info.plist;
				LD_RUNPATH_SEARCH_PATHS = "$(inherited) @executable_path/Frameworks @loader_path/Frameworks";
				PRODUCT_BUNDLE_IDENTIFIER = com.RISHWANTH.PathOfLeastResistanceUITests;
				PRODUCT_NAME = "$(TARGET_NAME)";
				TEST_TARGET_NAME = PathOfLeastResistance;
				USES_XCTRUNNER = YES;
			};
			name = Release;
		};
/* End XCBuildConfiguration section */

/* Begin XCConfigurationList section */
		66F521B31C62CFC300408DE2 /* Build configuration list for PBXProject "PathOfLeastResistance" */ = {
			isa = XCConfigurationList;
			buildConfigurations = (
				66F521E31C62CFC400408DE2 /* Debug */,
				66F521E41C62CFC400408DE2 /* Release */,
			);
			defaultConfigurationIsVisible = 0;
			defaultConfigurationName = Release;
		};
		66F521E51C62CFC400408DE2 /* Build configuration list for PBXNativeTarget "PathOfLeastResistance" */ = {
			isa = XCConfigurationList;
			buildConfigurations = (
				66F521E61C62CFC400408DE2 /* Debug */,
				66F521E71C62CFC400408DE2 /* Release */,
			);
			defaultConfigurationIsVisible = 0;
		};
		66F521E81C62CFC400408DE2 /* Build configuration list for PBXNativeTarget "PathOfLeastResistanceTests" */ = {
			isa = XCConfigurationList;
			buildConfigurations = (
				66F521E91C62CFC400408DE2 /* Debug */,
				66F521EA1C62CFC400408DE2 /* Release */,
			);
			defaultConfigurationIsVisible = 0;
		};
		66F521EB1C62CFC400408DE2 /* Build configuration list for PBXNativeTarget "PathOfLeastResistanceUITests" */ = {
			isa = XCConfigurationList;
			buildConfigurations = (
				66F521EC1C62CFC400408DE2 /* Debug */,
				66F521ED1C62CFC400408DE2 /* Release */,
			);
			defaultConfigurationIsVisible = 0;
		};
/* End XCConfigurationList section */
	};
	rootObject = 66F521B01C62CFC300408DE2 /* Project object */;
}
